
Microsoft Visual Studio Solution File, Format Version 12.00
# Visual Studio Version 16
VisualStudioVersion = 16.0.31410.357
MinimumVisualStudioVersion = 10.0.40219.1
Project("{FAE04EC0-301F-11D3-BF4B-00C04F79EFBC}") = "Xadrez-Jogo", "Xadrez-Jogo\Xadrez-Jogo.csproj", "{7C64579B-F0CB-41E5-9201-946F103303EC}"
EndProject
Global
	GlobalSection(SolutionConfigurationPlatforms) = preSolution
		Debug|Any CPU = Debug|Any CPU
		Release|Any CPU = Release|Any CPU
	EndGlobalSection
	GlobalSection(ProjectConfigurationPlatforms) = postSolution
		{7C64579B-F0CB-41E5-9201-946F103303EC}.Debug|Any CPU.ActiveCfg = Debug|Any CPU
		{7C64579B-F0CB-41E5-9201-946F103303EC}.Debug|Any CPU.Build.0 = Debug|Any CPU
		{7C64579B-F0CB-41E5-9201-946F103303EC}.Release|Any CPU.ActiveCfg = Release|Any CPU
		{7C64579B-F0CB-41E5-9201-946F103303EC}.Release|Any CPU.Build.0 = Release|Any CPU
	EndGlobalSection
	GlobalSection(SolutionProperties) = preSolution
		HideSolutionNode = FALSE
	EndGlobalSection
	GlobalSection(ExtensibilityGlobals) = postSolution
		SolutionGuid = {A72B7559-4716-46C1-A3D9-025175643526}
	EndGlobalSection
EndGlobal
